// !$*UTF8*$!
{
	archiveVersion = 1;
	classes = {
	};
	objectVersion = 90;
	objects = {

/* Begin PBXBuildFile section */
		15AADFF52EA417C5003711C3 /* ComposableArchitecture in Frameworks */ = {isa = PBXBuildFile; productRef = 15AADFF42EA417C5003711C3 /* ComposableArchitecture */; };
		15B1A0012F0B7B2E00E3D111 /* Logging in Frameworks */ = {isa = PBXBuildFile; productRef = 15B1A0002F0B7B2E00E3D111 /* Logging */; };
/* End PBXBuildFile section */

/* Begin PBXContainerItemProxy section */
		15AA8C492EA1C9370025EF81 /* PBXContainerItemProxy */ = {
			isa = PBXContainerItemProxy;
			containerPortal = 15AA8C332EA1C9360025EF81 /* Project object */;
			proxyType = 1;
			remoteGlobalIDString = 15AA8C3A2EA1C9360025EF81;
			remoteInfo = Remission;
		};
		15AA8C532EA1C9370025EF81 /* PBXContainerItemProxy */ = {
			isa = PBXContainerItemProxy;
			containerPortal = 15AA8C332EA1C9360025EF81 /* Project object */;
			proxyType = 1;
			remoteGlobalIDString = 15AA8C3A2EA1C9360025EF81;
			remoteInfo = Remission;
		};
/* End PBXContainerItemProxy section */

/* Begin PBXFileReference section */
		15AA8C3B2EA1C9360025EF81 /* Remission.app */ = {isa = PBXFileReference; explicitFileType = wrapper.application; includeInIndex = 0; path = Remission.app; sourceTree = BUILT_PRODUCTS_DIR; };
		15AA8C482EA1C9370025EF81 /* RemissionTests.xctest */ = {isa = PBXFileReference; explicitFileType = wrapper.cfbundle; includeInIndex = 0; path = RemissionTests.xctest; sourceTree = BUILT_PRODUCTS_DIR; };
		15AA8C522EA1C9370025EF81 /* RemissionUITests.xctest */ = {isa = PBXFileReference; explicitFileType = wrapper.cfbundle; includeInIndex = 0; path = RemissionUITests.xctest; sourceTree = BUILT_PRODUCTS_DIR; };
		15D03AFF2EA3B62200044487 /* Remission.xctestplan */ = {isa = PBXFileReference; lastKnownFileType = text; path = Remission.xctestplan; sourceTree = "<group>"; };
/* End PBXFileReference section */

/* Begin PBXFileSystemSynchronizedBuildFileExceptionSet section */
		15F6B6D12F1A2B3C00A0A111 /* Exceptions for "Remission" folder in "Remission" target */ = {
			isa = PBXFileSystemSynchronizedBuildFileExceptionSet;
				membershipExceptions = (
					"Info-iOS.plist",
					"Info-macOS.plist",
					"Network/Transmission/TransmissionClientUsageExample.swift",
				);
			target = 15AA8C3A2EA1C9360025EF81 /* Remission */;
		};
/* End PBXFileSystemSynchronizedBuildFileExceptionSet section */

/* Begin PBXFileSystemSynchronizedRootGroup section */
		15AA8C3D2EA1C9360025EF81 /* Remission */ = {
			isa = PBXFileSystemSynchronizedRootGroup;
			exceptions = (
				15F6B6D12F1A2B3C00A0A111 /* Exceptions for "Remission" folder in "Remission" target */,
			);
			path = Remission;
			sourceTree = "<group>";
		};
		15AA8C4B2EA1C9370025EF81 /* RemissionTests */ = {
			isa = PBXFileSystemSynchronizedRootGroup;
			path = RemissionTests;
			sourceTree = "<group>";
		};
		15AA8C552EA1C9370025EF81 /* RemissionUITests */ = {
			isa = PBXFileSystemSynchronizedRootGroup;
			path = RemissionUITests;
			sourceTree = "<group>";
		};
/* End PBXFileSystemSynchronizedRootGroup section */

/* Begin PBXFrameworksBuildPhase section */
		15AA8C382EA1C9360025EF81 /* Frameworks */ = {
			isa = PBXFrameworksBuildPhase;
			files = (
				15AADFF52EA417C5003711C3 /* ComposableArchitecture in Frameworks */,
				15B1A0012F0B7B2E00E3D111 /* Logging in Frameworks */,
			);
		};
		15AA8C452EA1C9370025EF81 /* Frameworks */ = {
			isa = PBXFrameworksBuildPhase;
			files = (
			);
		};
		15AA8C4F2EA1C9370025EF81 /* Frameworks */ = {
			isa = PBXFrameworksBuildPhase;
			files = (
			);
		};
/* End PBXFrameworksBuildPhase section */

/* Begin PBXGroup section */
		15AA8C322EA1C9360025EF81 = {
			isa = PBXGroup;
			children = (
				15D03AFF2EA3B62200044487 /* Remission.xctestplan */,
				15AA8C3D2EA1C9360025EF81 /* Remission */,
				15AA8C4B2EA1C9370025EF81 /* RemissionTests */,
				15AA8C552EA1C9370025EF81 /* RemissionUITests */,
				15AA8C3C2EA1C9360025EF81 /* Products */,
			);
			sourceTree = "<group>";
		};
		15AA8C3C2EA1C9360025EF81 /* Products */ = {
			isa = PBXGroup;
			children = (
				15AA8C3B2EA1C9360025EF81 /* Remission.app */,
				15AA8C482EA1C9370025EF81 /* RemissionTests.xctest */,
				15AA8C522EA1C9370025EF81 /* RemissionUITests.xctest */,
			);
			name = Products;
			sourceTree = "<group>";
		};
/* End PBXGroup section */

/* Begin PBXNativeTarget section */
		15AA8C3A2EA1C9360025EF81 /* Remission */ = {
			isa = PBXNativeTarget;
			buildConfigurationList = 15AA8C5C2EA1C9370025EF81 /* Build configuration list for PBXNativeTarget "Remission" */;
			buildPhases = (
				15AA8C6A2EA1CA570025EF81 /* ShellScript */,
				15F6B6B32F10A00000A0A111 /* Localizations Check */,
				15AA8C372EA1C9360025EF81 /* Sources */,
				15AA8C382EA1C9360025EF81 /* Frameworks */,
				15AA8C392EA1C9360025EF81 /* Resources */,
			);
			buildRules = (
			);
			fileSystemSynchronizedGroups = (
				15AA8C3D2EA1C9360025EF81 /* Remission */,
			);
			name = Remission;
			packageProductDependencies = (
				15AADFF42EA417C5003711C3 /* ComposableArchitecture */,
				15B1A0002F0B7B2E00E3D111 /* Logging */,
			);
			productName = Remission;
			productReference = 15AA8C3B2EA1C9360025EF81 /* Remission.app */;
			productType = "com.apple.product-type.application";
		};
		15AA8C472EA1C9370025EF81 /* RemissionTests */ = {
			isa = PBXNativeTarget;
			buildConfigurationList = 15AA8C5F2EA1C9370025EF81 /* Build configuration list for PBXNativeTarget "RemissionTests" */;
			buildPhases = (
				15AA8C442EA1C9370025EF81 /* Sources */,
				15AA8C452EA1C9370025EF81 /* Frameworks */,
				15AA8C462EA1C9370025EF81 /* Resources */,
			);
			buildRules = (
			);
			dependencies = (
				15AA8C4A2EA1C9370025EF81 /* PBXTargetDependency */,
			);
			fileSystemSynchronizedGroups = (
				15AA8C4B2EA1C9370025EF81 /* RemissionTests */,
			);
			name = RemissionTests;
			productName = RemissionTests;
			productReference = 15AA8C482EA1C9370025EF81 /* RemissionTests.xctest */;
			productType = "com.apple.product-type.bundle.unit-test";
		};
		15AA8C512EA1C9370025EF81 /* RemissionUITests */ = {
			isa = PBXNativeTarget;
			buildConfigurationList = 15AA8C622EA1C9370025EF81 /* Build configuration list for PBXNativeTarget "RemissionUITests" */;
			buildPhases = (
				15AA8C4E2EA1C9370025EF81 /* Sources */,
				15AA8C4F2EA1C9370025EF81 /* Frameworks */,
				15AA8C502EA1C9370025EF81 /* Resources */,
			);
			buildRules = (
			);
			dependencies = (
				15AA8C542EA1C9370025EF81 /* PBXTargetDependency */,
			);
			fileSystemSynchronizedGroups = (
				15AA8C552EA1C9370025EF81 /* RemissionUITests */,
			);
			name = RemissionUITests;
			productName = RemissionUITests;
			productReference = 15AA8C522EA1C9370025EF81 /* RemissionUITests.xctest */;
			productType = "com.apple.product-type.bundle.ui-testing";
		};
/* End PBXNativeTarget section */

/* Begin PBXProject section */
		15AA8C332EA1C9360025EF81 /* Project object */ = {
			isa = PBXProject;
			attributes = {
				BuildIndependentTargetsInParallel = 1;
				LastSwiftUpdateCheck = 2600;
				LastUpgradeCheck = 2630;
				TargetAttributes = {
					15AA8C3A2EA1C9360025EF81 = {
						CreatedOnToolsVersion = 26.0.1;
					};
					15AA8C472EA1C9370025EF81 = {
						CreatedOnToolsVersion = 26.0.1;
						TestTargetID = 15AA8C3A2EA1C9360025EF81;
					};
					15AA8C512EA1C9370025EF81 = {
						CreatedOnToolsVersion = 26.0.1;
						TestTargetID = 15AA8C3A2EA1C9360025EF81;
					};
				};
			};
			buildConfigurationList = 15AA8C362EA1C9360025EF81 /* Build configuration list for PBXProject "Remission" */;
			developmentRegion = en;
			hasScannedForEncodings = 0;
			knownRegions = (
				en,
				ru,
				Base,
			);
			mainGroup = 15AA8C322EA1C9360025EF81;
			minimizedProjectReferenceProxies = 1;
			packageReferences = (
				15AADFF32EA417C5003711C3 /* XCRemoteSwiftPackageReference "swift-composable-architecture" */,
				15B19FFF2F0B7B0B00E3D111 /* XCRemoteSwiftPackageReference "swift-log" */,
			);
			preferredProjectObjectVersion = 90;
			productRefGroup = 15AA8C3C2EA1C9360025EF81 /* Products */;
			projectDirPath = "";
			projectRoot = "";
			targets = (
				15AA8C3A2EA1C9360025EF81 /* Remission */,
				15AA8C472EA1C9370025EF81 /* RemissionTests */,
				15AA8C512EA1C9370025EF81 /* RemissionUITests */,
			);
		};
/* End PBXProject section */

/* Begin PBXResourcesBuildPhase section */
		15AA8C392EA1C9360025EF81 /* Resources */ = {
			isa = PBXResourcesBuildPhase;
			files = (
			);
		};
		15AA8C462EA1C9370025EF81 /* Resources */ = {
			isa = PBXResourcesBuildPhase;
			files = (
			);
		};
		15AA8C502EA1C9370025EF81 /* Resources */ = {
			isa = PBXResourcesBuildPhase;
			files = (
			);
		};
/* End PBXResourcesBuildPhase section */

/* Begin PBXShellScriptBuildPhase section */
		15AA8C6A2EA1CA570025EF81 /* ShellScript */ = {
			isa = PBXShellScriptBuildPhase;
			alwaysOutOfDate = 1;
			inputPaths = (
				"$(SRCROOT)/.swiftlint.yml",
				"$(SRCROOT)/Remission",
				"$(SRCROOT)/RemissionTests",
				"$(SRCROOT)/RemissionUITests",
			);
			outputPaths = (
				"$(TEMP_DIR)/SwiftLintDone",
			);
			shellPath = /bin/sh;
			shellScript = (
				"if [[ \"$(uname -m)\" == arm64 ]]",
				"then",
				"    export PATH=\"/opt/homebrew/bin:$PATH\"",
				"fi",
				"if command -v swiftlint >/dev/null 2>&1",
				"then",
				"    cd \"${SRCROOT}\"",
				"    swiftlint lint --reporter xcode || true",
				"    touch \"${TEMP_DIR}/SwiftLintDone\"",
				"else",
				"    echo \"warning: swiftlint command not found - See https://github.com/realm/SwiftLint#installation for installation instructions.\"",
				"    touch \"${TEMP_DIR}/SwiftLintDone\"",
				"fi",
				"",
				"",
				"",
				"",
				"",
				"",
				"",
				"",
				"",
				"",
				"",
				"",
				"",
				"",
				"",
				"",
				"",
				"",
				"",
				"",
				"",
				"",
				"",
				"",
				"",
				"",
				"",
				"",
				"",
				"",
				"",
				"",
				"",
				"",
				"",
				"",
				"",
				"",
				"",
				"",
				"",
				"",
				"",
				"",
			);
		};
		15F6B6B32F10A00000A0A111 /* Localizations Check */ = {
			isa = PBXShellScriptBuildPhase;
			alwaysOutOfDate = 1;
			inputPaths = (
				"$(SRCROOT)/Scripts/check-localizations.sh",
				"$(SRCROOT)/Remission/Localizable.xcstrings",
			);
			name = "Localizations Check";
			outputPaths = (
				"$(DERIVED_FILE_DIR)/LocalizationsCheckDone",
			);
			shellPath = /bin/sh;
			shellScript = (
				"cd \"${SRCROOT}\"",
				"Scripts/check-localizations.sh",
				"",
				"",
				"",
				"",
				"",
				"",
			);
		};
/* End PBXShellScriptBuildPhase section */

/* Begin PBXSourcesBuildPhase section */
		15AA8C372EA1C9360025EF81 /* Sources */ = {
			isa = PBXSourcesBuildPhase;
			files = (
			);
		};
		15AA8C442EA1C9370025EF81 /* Sources */ = {
			isa = PBXSourcesBuildPhase;
			files = (
			);
		};
		15AA8C4E2EA1C9370025EF81 /* Sources */ = {
			isa = PBXSourcesBuildPhase;
			files = (
			);
		};
/* End PBXSourcesBuildPhase section */

/* Begin PBXTargetDependency section */
		15AA8C4A2EA1C9370025EF81 /* PBXTargetDependency */ = {
			isa = PBXTargetDependency;
			target = 15AA8C3A2EA1C9360025EF81 /* Remission */;
			targetProxy = 15AA8C492EA1C9370025EF81 /* PBXContainerItemProxy */;
		};
		15AA8C542EA1C9370025EF81 /* PBXTargetDependency */ = {
			isa = PBXTargetDependency;
			target = 15AA8C3A2EA1C9360025EF81 /* Remission */;
			targetProxy = 15AA8C532EA1C9370025EF81 /* PBXContainerItemProxy */;
		};
/* End PBXTargetDependency section */

/* Begin XCBuildConfiguration section */
		15AA8C5A2EA1C9370025EF81 /* Debug configuration for PBXProject "Remission" */ = {
			isa = XCBuildConfiguration;
			buildSettings = {
				ALWAYS_SEARCH_USER_PATHS = NO;
				ASSETCATALOG_COMPILER_GENERATE_SWIFT_ASSET_SYMBOL_EXTENSIONS = YES;
				CLANG_ANALYZER_LOCALIZABILITY_NONLOCALIZED = YES;
				CLANG_ANALYZER_NONNULL = YES;
				CLANG_ANALYZER_NUMBER_OBJECT_CONVERSION = YES_AGGRESSIVE;
				CLANG_CXX_LANGUAGE_STANDARD = "gnu++20";
				CLANG_ENABLE_MODULES = YES;
				CLANG_ENABLE_OBJC_ARC = YES;
				CLANG_ENABLE_OBJC_WEAK = YES;
				CLANG_WARN_BLOCK_CAPTURE_AUTORELEASING = YES;
				CLANG_WARN_BOOL_CONVERSION = YES;
				CLANG_WARN_COMMA = YES;
				CLANG_WARN_CONSTANT_CONVERSION = YES;
				CLANG_WARN_DEPRECATED_OBJC_IMPLEMENTATIONS = YES;
				CLANG_WARN_DIRECT_OBJC_ISA_USAGE = YES_ERROR;
				CLANG_WARN_DOCUMENTATION_COMMENTS = YES;
				CLANG_WARN_EMPTY_BODY = YES;
				CLANG_WARN_ENUM_CONVERSION = YES;
				CLANG_WARN_INFINITE_RECURSION = YES;
				CLANG_WARN_INT_CONVERSION = YES;
				CLANG_WARN_NON_LITERAL_NULL_CONVERSION = YES;
				CLANG_WARN_OBJC_IMPLICIT_RETAIN_SELF = YES;
				CLANG_WARN_OBJC_LITERAL_CONVERSION = YES;
				CLANG_WARN_OBJC_ROOT_CLASS = YES_ERROR;
				CLANG_WARN_QUOTED_INCLUDE_IN_FRAMEWORK_HEADER = YES;
				CLANG_WARN_RANGE_LOOP_ANALYSIS = YES;
				CLANG_WARN_STRICT_PROTOTYPES = YES;
				CLANG_WARN_SUSPICIOUS_MOVE = YES;
				CLANG_WARN_UNGUARDED_AVAILABILITY = YES_AGGRESSIVE;
				CLANG_WARN_UNREACHABLE_CODE = YES;
				CLANG_WARN__DUPLICATE_METHOD_MATCH = YES;
				COPY_PHASE_STRIP = NO;
				DEAD_CODE_STRIPPING = YES;
				DEBUG_INFORMATION_FORMAT = dwarf;
				DEVELOPMENT_TEAM = X5G6TU7PS9;
				ENABLE_STRICT_OBJC_MSGSEND = YES;
				ENABLE_TESTABILITY = YES;
				ENABLE_USER_SCRIPT_SANDBOXING = YES;
				GCC_C_LANGUAGE_STANDARD = gnu17;
				GCC_DYNAMIC_NO_PIC = NO;
				GCC_NO_COMMON_BLOCKS = YES;
				GCC_OPTIMIZATION_LEVEL = 0;
				GCC_PREPROCESSOR_DEFINITIONS = (
					"DEBUG=1",
					"$(inherited)",
				);
				GCC_WARN_64_TO_32_BIT_CONVERSION = YES;
				GCC_WARN_ABOUT_RETURN_TYPE = YES_ERROR;
				GCC_WARN_UNDECLARED_SELECTOR = YES;
				GCC_WARN_UNINITIALIZED_AUTOS = YES_AGGRESSIVE;
				GCC_WARN_UNUSED_FUNCTION = YES;
				GCC_WARN_UNUSED_VARIABLE = YES;
				LOCALIZATION_PREFERS_STRING_CATALOGS = YES;
				MTL_ENABLE_DEBUG_INFO = INCLUDE_SOURCE;
				MTL_FAST_MATH = YES;
				ONLY_ACTIVE_ARCH = YES;
				STRING_CATALOG_GENERATE_SYMBOLS = YES;
				SWIFT_ACTIVE_COMPILATION_CONDITIONS = "DEBUG $(inherited)";
				SWIFT_OPTIMIZATION_LEVEL = "-Onone";
			};
			name = Debug;
		};
		15AA8C5B2EA1C9370025EF81 /* Release configuration for PBXProject "Remission" */ = {
			isa = XCBuildConfiguration;
			buildSettings = {
				ALWAYS_SEARCH_USER_PATHS = NO;
				ASSETCATALOG_COMPILER_GENERATE_SWIFT_ASSET_SYMBOL_EXTENSIONS = YES;
				CLANG_ANALYZER_LOCALIZABILITY_NONLOCALIZED = YES;
				CLANG_ANALYZER_NONNULL = YES;
				CLANG_ANALYZER_NUMBER_OBJECT_CONVERSION = YES_AGGRESSIVE;
				CLANG_CXX_LANGUAGE_STANDARD = "gnu++20";
				CLANG_ENABLE_MODULES = YES;
				CLANG_ENABLE_OBJC_ARC = YES;
				CLANG_ENABLE_OBJC_WEAK = YES;
				CLANG_WARN_BLOCK_CAPTURE_AUTORELEASING = YES;
				CLANG_WARN_BOOL_CONVERSION = YES;
				CLANG_WARN_COMMA = YES;
				CLANG_WARN_CONSTANT_CONVERSION = YES;
				CLANG_WARN_DEPRECATED_OBJC_IMPLEMENTATIONS = YES;
				CLANG_WARN_DIRECT_OBJC_ISA_USAGE = YES_ERROR;
				CLANG_WARN_DOCUMENTATION_COMMENTS = YES;
				CLANG_WARN_EMPTY_BODY = YES;
				CLANG_WARN_ENUM_CONVERSION = YES;
				CLANG_WARN_INFINITE_RECURSION = YES;
				CLANG_WARN_INT_CONVERSION = YES;
				CLANG_WARN_NON_LITERAL_NULL_CONVERSION = YES;
				CLANG_WARN_OBJC_IMPLICIT_RETAIN_SELF = YES;
				CLANG_WARN_OBJC_LITERAL_CONVERSION = YES;
				CLANG_WARN_OBJC_ROOT_CLASS = YES_ERROR;
				CLANG_WARN_QUOTED_INCLUDE_IN_FRAMEWORK_HEADER = YES;
				CLANG_WARN_RANGE_LOOP_ANALYSIS = YES;
				CLANG_WARN_STRICT_PROTOTYPES = YES;
				CLANG_WARN_SUSPICIOUS_MOVE = YES;
				CLANG_WARN_UNGUARDED_AVAILABILITY = YES_AGGRESSIVE;
				CLANG_WARN_UNREACHABLE_CODE = YES;
				CLANG_WARN__DUPLICATE_METHOD_MATCH = YES;
				COPY_PHASE_STRIP = NO;
				DEAD_CODE_STRIPPING = YES;
				DEBUG_INFORMATION_FORMAT = "dwarf-with-dsym";
				DEVELOPMENT_TEAM = X5G6TU7PS9;
				ENABLE_NS_ASSERTIONS = NO;
				ENABLE_STRICT_OBJC_MSGSEND = YES;
				ENABLE_USER_SCRIPT_SANDBOXING = YES;
				GCC_C_LANGUAGE_STANDARD = gnu17;
				GCC_NO_COMMON_BLOCKS = YES;
				GCC_WARN_64_TO_32_BIT_CONVERSION = YES;
				GCC_WARN_ABOUT_RETURN_TYPE = YES_ERROR;
				GCC_WARN_UNDECLARED_SELECTOR = YES;
				GCC_WARN_UNINITIALIZED_AUTOS = YES_AGGRESSIVE;
				GCC_WARN_UNUSED_FUNCTION = YES;
				GCC_WARN_UNUSED_VARIABLE = YES;
				LOCALIZATION_PREFERS_STRING_CATALOGS = YES;
				MTL_ENABLE_DEBUG_INFO = NO;
				MTL_FAST_MATH = YES;
				STRING_CATALOG_GENERATE_SYMBOLS = YES;
				SWIFT_COMPILATION_MODE = wholemodule;
			};
			name = Release;
		};
		15AA8C5D2EA1C9370025EF81 /* Debug configuration for PBXNativeTarget "Remission" */ = {
			isa = XCBuildConfiguration;
			buildSettings = {
				ASSETCATALOG_COMPILER_APPICON_NAME = AppIcon;
				ASSETCATALOG_COMPILER_GLOBAL_ACCENT_COLOR_NAME = AccentColor;
				"CODE_SIGN_ENTITLEMENTS[sdk=macosx*]" = Remission/Remission.macOS.entitlements;
				"CODE_SIGN_IDENTITY[sdk=macosx*]" = "Apple Development";
				CODE_SIGN_STYLE = Automatic;
				CURRENT_PROJECT_VERSION = 573;
				DEAD_CODE_STRIPPING = YES;
				DEVELOPMENT_TEAM = X5G6TU7PS9;
				ENABLE_APP_SANDBOX = YES;
				ENABLE_HARDENED_RUNTIME = YES;
				ENABLE_OUTGOING_NETWORK_CONNECTIONS = YES;
				ENABLE_PREVIEWS = YES;
				ENABLE_USER_SELECTED_FILES = readonly;
				"EXCLUDED_SOURCE_FILE_NAMES[sdk=macosx*]" = LaunchScreen.storyboard;
				GENERATE_INFOPLIST_FILE = YES;
				INFOPLIST_FILE = "Remission/Info-iOS.plist";
				"INFOPLIST_FILE[sdk=macosx*]" = "Remission/Info-macOS.plist";
				INFOPLIST_KEY_LSApplicationCategoryType = "public.app-category.utilities";
				"INFOPLIST_KEY_LSMultipleInstancesProhibited[sdk=macosx*]" = YES;
				INFOPLIST_KEY_NSLocalNetworkUsageDescription = "Remission подключается к вашему серверу Transmission в локальной сети.";
				"INFOPLIST_KEY_UIApplicationSceneManifest_Generation[sdk=iphoneos*]" = YES;
				"INFOPLIST_KEY_UIApplicationSceneManifest_Generation[sdk=iphonesimulator*]" = YES;
				"INFOPLIST_KEY_UIApplicationSupportsIndirectInputEvents[sdk=iphoneos*]" = YES;
				"INFOPLIST_KEY_UIApplicationSupportsIndirectInputEvents[sdk=iphonesimulator*]" = YES;
				"INFOPLIST_KEY_UILaunchScreen_Generation[sdk=iphoneos*]" = NO;
				"INFOPLIST_KEY_UILaunchScreen_Generation[sdk=iphonesimulator*]" = NO;
				"INFOPLIST_KEY_UILaunchStoryboardName[sdk=iphoneos*]" = LaunchScreen;
				"INFOPLIST_KEY_UILaunchStoryboardName[sdk=iphonesimulator*]" = LaunchScreen;
				"INFOPLIST_KEY_UIStatusBarStyle[sdk=iphoneos*]" = UIStatusBarStyleDefault;
				"INFOPLIST_KEY_UIStatusBarStyle[sdk=iphonesimulator*]" = UIStatusBarStyleDefault;
				INFOPLIST_KEY_UISupportedInterfaceOrientations_iPad = "UIInterfaceOrientationPortrait UIInterfaceOrientationPortraitUpsideDown UIInterfaceOrientationLandscapeLeft UIInterfaceOrientationLandscapeRight";
				INFOPLIST_KEY_UISupportedInterfaceOrientations_iPhone = "UIInterfaceOrientationPortrait UIInterfaceOrientationLandscapeLeft UIInterfaceOrientationLandscapeRight";
				IPHONEOS_DEPLOYMENT_TARGET = 26.0;
				LD_RUNPATH_SEARCH_PATHS = "@executable_path/Frameworks";
				"LD_RUNPATH_SEARCH_PATHS[sdk=macosx*]" = "@executable_path/../Frameworks";
				MACOSX_DEPLOYMENT_TARGET = 26.0;
				MARKETING_VERSION = 0.10.7;
				PRODUCT_BUNDLE_IDENTIFIER = cryptolin.Remission;
				PRODUCT_NAME = "$(TARGET_NAME)";
				REGISTER_APP_GROUPS = YES;
				SDKROOT = auto;
				STRING_CATALOG_GENERATE_SYMBOLS = YES;
				SUPPORTED_PLATFORMS = "iphoneos iphonesimulator macosx xros xrsimulator";
				SWIFT_APPROACHABLE_CONCURRENCY = YES;
				SWIFT_EMIT_LOC_STRINGS = YES;
				SWIFT_ENABLE_EXPERIMENTAL_MACROS = YES;
				SWIFT_UPCOMING_FEATURE_MEMBER_IMPORT_VISIBILITY = YES;
				SWIFT_VERSION = 6.0;
				TARGETED_DEVICE_FAMILY = "1,2,7";
				XROS_DEPLOYMENT_TARGET = 26.0;
			};
			name = Debug;
		};
		15AA8C5E2EA1C9370025EF81 /* Release configuration for PBXNativeTarget "Remission" */ = {
			isa = XCBuildConfiguration;
			buildSettings = {
				ASSETCATALOG_COMPILER_APPICON_NAME = AppIcon;
				ASSETCATALOG_COMPILER_GLOBAL_ACCENT_COLOR_NAME = AccentColor;
				"CODE_SIGN_ENTITLEMENTS[sdk=macosx*]" = Remission/Remission.macOS.entitlements;
				"CODE_SIGN_IDENTITY[sdk=macosx*]" = "Apple Development";
				CODE_SIGN_STYLE = Automatic;
				CURRENT_PROJECT_VERSION = 573;
				DEAD_CODE_STRIPPING = YES;
				DEVELOPMENT_TEAM = X5G6TU7PS9;
				ENABLE_APP_SANDBOX = YES;
				ENABLE_HARDENED_RUNTIME = YES;
				ENABLE_OUTGOING_NETWORK_CONNECTIONS = YES;
				ENABLE_PREVIEWS = YES;
				ENABLE_USER_SELECTED_FILES = readonly;
				"EXCLUDED_SOURCE_FILE_NAMES[sdk=macosx*]" = LaunchScreen.storyboard;
				GENERATE_INFOPLIST_FILE = YES;
				INFOPLIST_FILE = "Remission/Info-iOS.plist";
				"INFOPLIST_FILE[sdk=macosx*]" = "Remission/Info-macOS.plist";
				INFOPLIST_KEY_LSApplicationCategoryType = "public.app-category.utilities";
				"INFOPLIST_KEY_LSMultipleInstancesProhibited[sdk=macosx*]" = YES;
				INFOPLIST_KEY_NSLocalNetworkUsageDescription = "Remission подключается к вашему серверу Transmission в локальной сети.";
				"INFOPLIST_KEY_UIApplicationSceneManifest_Generation[sdk=iphoneos*]" = YES;
				"INFOPLIST_KEY_UIApplicationSceneManifest_Generation[sdk=iphonesimulator*]" = YES;
				"INFOPLIST_KEY_UIApplicationSupportsIndirectInputEvents[sdk=iphoneos*]" = YES;
				"INFOPLIST_KEY_UIApplicationSupportsIndirectInputEvents[sdk=iphonesimulator*]" = YES;
				"INFOPLIST_KEY_UILaunchScreen_Generation[sdk=iphoneos*]" = NO;
				"INFOPLIST_KEY_UILaunchScreen_Generation[sdk=iphonesimulator*]" = NO;
				"INFOPLIST_KEY_UILaunchStoryboardName[sdk=iphoneos*]" = LaunchScreen;
				"INFOPLIST_KEY_UILaunchStoryboardName[sdk=iphonesimulator*]" = LaunchScreen;
				"INFOPLIST_KEY_UIStatusBarStyle[sdk=iphoneos*]" = UIStatusBarStyleDefault;
				"INFOPLIST_KEY_UIStatusBarStyle[sdk=iphonesimulator*]" = UIStatusBarStyleDefault;
				INFOPLIST_KEY_UISupportedInterfaceOrientations_iPad = "UIInterfaceOrientationPortrait UIInterfaceOrientationPortraitUpsideDown UIInterfaceOrientationLandscapeLeft UIInterfaceOrientationLandscapeRight";
				INFOPLIST_KEY_UISupportedInterfaceOrientations_iPhone = "UIInterfaceOrientationPortrait UIInterfaceOrientationLandscapeLeft UIInterfaceOrientationLandscapeRight";
				IPHONEOS_DEPLOYMENT_TARGET = 26.0;
				LD_RUNPATH_SEARCH_PATHS = "@executable_path/Frameworks";
				"LD_RUNPATH_SEARCH_PATHS[sdk=macosx*]" = "@executable_path/../Frameworks";
				MACOSX_DEPLOYMENT_TARGET = 26.0;
				MARKETING_VERSION = 0.10.7;
				PRODUCT_BUNDLE_IDENTIFIER = cryptolin.Remission;
				PRODUCT_NAME = "$(TARGET_NAME)";
				REGISTER_APP_GROUPS = YES;
				SDKROOT = auto;
				STRING_CATALOG_GENERATE_SYMBOLS = YES;
				SUPPORTED_PLATFORMS = "iphoneos iphonesimulator macosx xros xrsimulator";
				SWIFT_APPROACHABLE_CONCURRENCY = YES;
				SWIFT_EMIT_LOC_STRINGS = YES;
				SWIFT_UPCOMING_FEATURE_MEMBER_IMPORT_VISIBILITY = YES;
				SWIFT_VERSION = 6.0;
				TARGETED_DEVICE_FAMILY = "1,2,7";
				XROS_DEPLOYMENT_TARGET = 26.0;
			};
			name = Release;
		};
		15AA8C602EA1C9370025EF81 /* Debug configuration for PBXNativeTarget "RemissionTests" */ = {
			isa = XCBuildConfiguration;
			buildSettings = {
				BUNDLE_LOADER = "$(TEST_HOST)";
				CODE_SIGN_STYLE = Automatic;
				CURRENT_PROJECT_VERSION = 573;
				DEAD_CODE_STRIPPING = YES;
				DEVELOPMENT_TEAM = X5G6TU7PS9;
				ENABLE_SWIFT_TESTING = YES;
				GENERATE_INFOPLIST_FILE = YES;
				INFOPLIST_FILE = "Remission/Info-iOS.plist";
				"INFOPLIST_FILE[sdk=macosx*]" = "Remission/Info-macOS.plist";
				INFOPLIST_KEY_LSApplicationCategoryType = "public.app-category.utilities";
				"INFOPLIST_KEY_LSMultipleInstancesProhibited[sdk=macosx*]" = YES;
				INFOPLIST_KEY_NSLocalNetworkUsageDescription = "Remission подключается к вашему серверу Transmission в локальной сети.";
				"INFOPLIST_KEY_UIApplicationSceneManifest_Generation[sdk=iphoneos*]" = YES;
				"INFOPLIST_KEY_UIApplicationSceneManifest_Generation[sdk=iphonesimulator*]" = YES;
				"INFOPLIST_KEY_UIApplicationSupportsIndirectInputEvents[sdk=iphoneos*]" = YES;
				"INFOPLIST_KEY_UIApplicationSupportsIndirectInputEvents[sdk=iphonesimulator*]" = YES;
				"INFOPLIST_KEY_UILaunchScreen_Generation[sdk=iphoneos*]" = NO;
				"INFOPLIST_KEY_UILaunchScreen_Generation[sdk=iphonesimulator*]" = NO;
				"INFOPLIST_KEY_UILaunchStoryboardName[sdk=iphoneos*]" = LaunchScreen;
				"INFOPLIST_KEY_UILaunchStoryboardName[sdk=iphonesimulator*]" = LaunchScreen;
				"INFOPLIST_KEY_UIStatusBarStyle[sdk=iphoneos*]" = UIStatusBarStyleDefault;
				"INFOPLIST_KEY_UIStatusBarStyle[sdk=iphonesimulator*]" = UIStatusBarStyleDefault;
				INFOPLIST_KEY_UISupportedInterfaceOrientations_iPad = "UIInterfaceOrientationPortrait UIInterfaceOrientationPortraitUpsideDown UIInterfaceOrientationLandscapeLeft UIInterfaceOrientationLandscapeRight";
				INFOPLIST_KEY_UISupportedInterfaceOrientations_iPhone = "UIInterfaceOrientationPortrait UIInterfaceOrientationLandscapeLeft UIInterfaceOrientationLandscapeRight";
				IPHONEOS_DEPLOYMENT_TARGET = 26.0;
				MACOSX_DEPLOYMENT_TARGET = 26.0;
				MARKETING_VERSION = 0.10.7;
				PRODUCT_BUNDLE_IDENTIFIER = cryptolin.RemissionTests;
				PRODUCT_NAME = "$(TARGET_NAME)";
				SDKROOT = auto;
				STRING_CATALOG_GENERATE_SYMBOLS = NO;
				SUPPORTED_PLATFORMS = "iphoneos iphonesimulator macosx xros xrsimulator";
				SWIFT_APPROACHABLE_CONCURRENCY = YES;
				SWIFT_EMIT_LOC_STRINGS = NO;
				SWIFT_UPCOMING_FEATURE_MEMBER_IMPORT_VISIBILITY = YES;
				SWIFT_VERSION = 6.0;
				TARGETED_DEVICE_FAMILY = "1,2,7";
				TEST_HOST = "$(BUILT_PRODUCTS_DIR)/Remission.app/$(BUNDLE_EXECUTABLE_FOLDER_PATH)/Remission";
				XROS_DEPLOYMENT_TARGET = 26.0;
			};
			name = Debug;
		};
		15AA8C612EA1C9370025EF81 /* Release configuration for PBXNativeTarget "RemissionTests" */ = {
			isa = XCBuildConfiguration;
			buildSettings = {
				BUNDLE_LOADER = "$(TEST_HOST)";
				CODE_SIGN_STYLE = Automatic;
				CURRENT_PROJECT_VERSION = 573;
				DEAD_CODE_STRIPPING = YES;
				DEVELOPMENT_TEAM = X5G6TU7PS9;
				ENABLE_SWIFT_TESTING = YES;
				GENERATE_INFOPLIST_FILE = YES;
				INFOPLIST_FILE = "Remission/Info-iOS.plist";
				"INFOPLIST_FILE[sdk=macosx*]" = "Remission/Info-macOS.plist";
				INFOPLIST_KEY_LSApplicationCategoryType = "public.app-category.utilities";
				"INFOPLIST_KEY_LSMultipleInstancesProhibited[sdk=macosx*]" = YES;
				INFOPLIST_KEY_NSLocalNetworkUsageDescription = "Remission подключается к вашему серверу Transmission в локальной сети.";
				"INFOPLIST_KEY_UIApplicationSceneManifest_Generation[sdk=iphoneos*]" = YES;
				"INFOPLIST_KEY_UIApplicationSceneManifest_Generation[sdk=iphonesimulator*]" = YES;
				"INFOPLIST_KEY_UIApplicationSupportsIndirectInputEvents[sdk=iphoneos*]" = YES;
				"INFOPLIST_KEY_UIApplicationSupportsIndirectInputEvents[sdk=iphonesimulator*]" = YES;
				"INFOPLIST_KEY_UILaunchScreen_Generation[sdk=iphoneos*]" = NO;
				"INFOPLIST_KEY_UILaunchScreen_Generation[sdk=iphonesimulator*]" = NO;
				"INFOPLIST_KEY_UILaunchStoryboardName[sdk=iphoneos*]" = LaunchScreen;
				"INFOPLIST_KEY_UILaunchStoryboardName[sdk=iphonesimulator*]" = LaunchScreen;
				"INFOPLIST_KEY_UIStatusBarStyle[sdk=iphoneos*]" = UIStatusBarStyleDefault;
				"INFOPLIST_KEY_UIStatusBarStyle[sdk=iphonesimulator*]" = UIStatusBarStyleDefault;
				INFOPLIST_KEY_UISupportedInterfaceOrientations_iPad = "UIInterfaceOrientationPortrait UIInterfaceOrientationPortraitUpsideDown UIInterfaceOrientationLandscapeLeft UIInterfaceOrientationLandscapeRight";
				INFOPLIST_KEY_UISupportedInterfaceOrientations_iPhone = "UIInterfaceOrientationPortrait UIInterfaceOrientationLandscapeLeft UIInterfaceOrientationLandscapeRight";
				IPHONEOS_DEPLOYMENT_TARGET = 26.0;
				MACOSX_DEPLOYMENT_TARGET = 26.0;
				MARKETING_VERSION = 0.10.7;
				PRODUCT_BUNDLE_IDENTIFIER = cryptolin.RemissionTests;
				PRODUCT_NAME = "$(TARGET_NAME)";
				SDKROOT = auto;
				STRING_CATALOG_GENERATE_SYMBOLS = NO;
				SUPPORTED_PLATFORMS = "iphoneos iphonesimulator macosx xros xrsimulator";
				SWIFT_APPROACHABLE_CONCURRENCY = YES;
				SWIFT_EMIT_LOC_STRINGS = NO;
				SWIFT_UPCOMING_FEATURE_MEMBER_IMPORT_VISIBILITY = YES;
				SWIFT_VERSION = 6.0;
				TARGETED_DEVICE_FAMILY = "1,2,7";
				TEST_HOST = "$(BUILT_PRODUCTS_DIR)/Remission.app/$(BUNDLE_EXECUTABLE_FOLDER_PATH)/Remission";
				XROS_DEPLOYMENT_TARGET = 26.0;
			};
			name = Release;
		};
		15AA8C632EA1C9370025EF81 /* Debug configuration for PBXNativeTarget "RemissionUITests" */ = {
			isa = XCBuildConfiguration;
			buildSettings = {
				CODE_SIGN_STYLE = Automatic;
				CURRENT_PROJECT_VERSION = 573;
				DEAD_CODE_STRIPPING = YES;
				DEVELOPMENT_TEAM = X5G6TU7PS9;
				GENERATE_INFOPLIST_FILE = YES;
				INFOPLIST_FILE = "Remission/Info-iOS.plist";
				"INFOPLIST_FILE[sdk=macosx*]" = "Remission/Info-macOS.plist";
				INFOPLIST_KEY_LSApplicationCategoryType = "public.app-category.utilities";
				"INFOPLIST_KEY_LSMultipleInstancesProhibited[sdk=macosx*]" = YES;
				INFOPLIST_KEY_NSLocalNetworkUsageDescription = "Remission подключается к вашему серверу Transmission в локальной сети.";
				"INFOPLIST_KEY_UIApplicationSceneManifest_Generation[sdk=iphoneos*]" = YES;
				"INFOPLIST_KEY_UIApplicationSceneManifest_Generation[sdk=iphonesimulator*]" = YES;
				"INFOPLIST_KEY_UIApplicationSupportsIndirectInputEvents[sdk=iphoneos*]" = YES;
				"INFOPLIST_KEY_UIApplicationSupportsIndirectInputEvents[sdk=iphonesimulator*]" = YES;
				"INFOPLIST_KEY_UILaunchScreen_Generation[sdk=iphoneos*]" = NO;
				"INFOPLIST_KEY_UILaunchScreen_Generation[sdk=iphonesimulator*]" = NO;
				"INFOPLIST_KEY_UILaunchStoryboardName[sdk=iphoneos*]" = LaunchScreen;
				"INFOPLIST_KEY_UILaunchStoryboardName[sdk=iphonesimulator*]" = LaunchScreen;
				"INFOPLIST_KEY_UIStatusBarStyle[sdk=iphoneos*]" = UIStatusBarStyleDefault;
				"INFOPLIST_KEY_UIStatusBarStyle[sdk=iphonesimulator*]" = UIStatusBarStyleDefault;
				INFOPLIST_KEY_UISupportedInterfaceOrientations_iPad = "UIInterfaceOrientationPortrait UIInterfaceOrientationPortraitUpsideDown UIInterfaceOrientationLandscapeLeft UIInterfaceOrientationLandscapeRight";
				INFOPLIST_KEY_UISupportedInterfaceOrientations_iPhone = "UIInterfaceOrientationPortrait UIInterfaceOrientationLandscapeLeft UIInterfaceOrientationLandscapeRight";
				IPHONEOS_DEPLOYMENT_TARGET = 26.0;
				MACOSX_DEPLOYMENT_TARGET = 26.0;
				MARKETING_VERSION = 0.10.7;
				PRODUCT_BUNDLE_IDENTIFIER = cryptolin.RemissionUITests;
				PRODUCT_NAME = "$(TARGET_NAME)";
				SDKROOT = auto;
				STRING_CATALOG_GENERATE_SYMBOLS = NO;
				SUPPORTED_PLATFORMS = "iphoneos iphonesimulator macosx xros xrsimulator";
				SWIFT_APPROACHABLE_CONCURRENCY = YES;
				SWIFT_EMIT_LOC_STRINGS = NO;
				SWIFT_UPCOMING_FEATURE_MEMBER_IMPORT_VISIBILITY = YES;
				SWIFT_VERSION = 6.0;
				TARGETED_DEVICE_FAMILY = "1,2,7";
				TEST_TARGET_NAME = Remission;
				XROS_DEPLOYMENT_TARGET = 26.0;
			};
			name = Debug;
		};
		15AA8C642EA1C9370025EF81 /* Release configuration for PBXNativeTarget "RemissionUITests" */ = {
			isa = XCBuildConfiguration;
			buildSettings = {
				CODE_SIGN_STYLE = Automatic;
				CURRENT_PROJECT_VERSION = 573;
				DEAD_CODE_STRIPPING = YES;
				DEVELOPMENT_TEAM = X5G6TU7PS9;
				GENERATE_INFOPLIST_FILE = YES;
				INFOPLIST_FILE = "Remission/Info-iOS.plist";
				"INFOPLIST_FILE[sdk=macosx*]" = "Remission/Info-macOS.plist";
				INFOPLIST_KEY_LSApplicationCategoryType = "public.app-category.utilities";
				"INFOPLIST_KEY_LSMultipleInstancesProhibited[sdk=macosx*]" = YES;
				INFOPLIST_KEY_NSLocalNetworkUsageDescription = "Remission подключается к вашему серверу Transmission в локальной сети.";
				"INFOPLIST_KEY_UIApplicationSceneManifest_Generation[sdk=iphoneos*]" = YES;
				"INFOPLIST_KEY_UIApplicationSceneManifest_Generation[sdk=iphonesimulator*]" = YES;
				"INFOPLIST_KEY_UIApplicationSupportsIndirectInputEvents[sdk=iphoneos*]" = YES;
				"INFOPLIST_KEY_UIApplicationSupportsIndirectInputEvents[sdk=iphonesimulator*]" = YES;
				"INFOPLIST_KEY_UILaunchScreen_Generation[sdk=iphoneos*]" = NO;
				"INFOPLIST_KEY_UILaunchScreen_Generation[sdk=iphonesimulator*]" = NO;
				"INFOPLIST_KEY_UILaunchStoryboardName[sdk=iphoneos*]" = LaunchScreen;
				"INFOPLIST_KEY_UILaunchStoryboardName[sdk=iphonesimulator*]" = LaunchScreen;
				"INFOPLIST_KEY_UIStatusBarStyle[sdk=iphoneos*]" = UIStatusBarStyleDefault;
				"INFOPLIST_KEY_UIStatusBarStyle[sdk=iphonesimulator*]" = UIStatusBarStyleDefault;
				INFOPLIST_KEY_UISupportedInterfaceOrientations_iPad = "UIInterfaceOrientationPortrait UIInterfaceOrientationPortraitUpsideDown UIInterfaceOrientationLandscapeLeft UIInterfaceOrientationLandscapeRight";
				INFOPLIST_KEY_UISupportedInterfaceOrientations_iPhone = "UIInterfaceOrientationPortrait UIInterfaceOrientationLandscapeLeft UIInterfaceOrientationLandscapeRight";
				IPHONEOS_DEPLOYMENT_TARGET = 26.0;
				MACOSX_DEPLOYMENT_TARGET = 26.0;
				MARKETING_VERSION = 0.10.7;
				PRODUCT_BUNDLE_IDENTIFIER = cryptolin.RemissionUITests;
				PRODUCT_NAME = "$(TARGET_NAME)";
				SDKROOT = auto;
				STRING_CATALOG_GENERATE_SYMBOLS = NO;
				SUPPORTED_PLATFORMS = "iphoneos iphonesimulator macosx xros xrsimulator";
				SWIFT_APPROACHABLE_CONCURRENCY = YES;
				SWIFT_EMIT_LOC_STRINGS = NO;
				SWIFT_UPCOMING_FEATURE_MEMBER_IMPORT_VISIBILITY = YES;
				SWIFT_VERSION = 6.0;
				TARGETED_DEVICE_FAMILY = "1,2,7";
				TEST_TARGET_NAME = Remission;
				XROS_DEPLOYMENT_TARGET = 26.0;
			};
			name = Release;
		};
/* End XCBuildConfiguration section */

/* Begin XCConfigurationList section */
		15AA8C362EA1C9360025EF81 /* Build configuration list for PBXProject "Remission" */ = {
			isa = XCConfigurationList;
			buildConfigurations = (
				15AA8C5A2EA1C9370025EF81 /* Debug configuration for PBXProject "Remission" */,
				15AA8C5B2EA1C9370025EF81 /* Release configuration for PBXProject "Remission" */,
			);
			defaultConfigurationName = Release;
		};
		15AA8C5C2EA1C9370025EF81 /* Build configuration list for PBXNativeTarget "Remission" */ = {
			isa = XCConfigurationList;
			buildConfigurations = (
				15AA8C5D2EA1C9370025EF81 /* Debug configuration for PBXNativeTarget "Remission" */,
				15AA8C5E2EA1C9370025EF81 /* Release configuration for PBXNativeTarget "Remission" */,
			);
			defaultConfigurationName = Release;
		};
		15AA8C5F2EA1C9370025EF81 /* Build configuration list for PBXNativeTarget "RemissionTests" */ = {
			isa = XCConfigurationList;
			buildConfigurations = (
				15AA8C602EA1C9370025EF81 /* Debug configuration for PBXNativeTarget "RemissionTests" */,
				15AA8C612EA1C9370025EF81 /* Release configuration for PBXNativeTarget "RemissionTests" */,
			);
			defaultConfigurationName = Release;
		};
		15AA8C622EA1C9370025EF81 /* Build configuration list for PBXNativeTarget "RemissionUITests" */ = {
			isa = XCConfigurationList;
			buildConfigurations = (
				15AA8C632EA1C9370025EF81 /* Debug configuration for PBXNativeTarget "RemissionUITests" */,
				15AA8C642EA1C9370025EF81 /* Release configuration for PBXNativeTarget "RemissionUITests" */,
			);
			defaultConfigurationName = Release;
		};
/* End XCConfigurationList section */

/* Begin XCRemoteSwiftPackageReference section */
		15AADFF32EA417C5003711C3 /* XCRemoteSwiftPackageReference "swift-composable-architecture" */ = {
			isa = XCRemoteSwiftPackageReference;
			repositoryURL = "https://github.com/pointfreeco/swift-composable-architecture";
			requirement = {
				kind = upToNextMajorVersion;
				minimumVersion = 1.23.0;
			};
		};
		15B19FFF2F0B7B0B00E3D111 /* XCRemoteSwiftPackageReference "swift-log" */ = {
			isa = XCRemoteSwiftPackageReference;
			repositoryURL = "https://github.com/apple/swift-log";
			requirement = {
				kind = upToNextMajorVersion;
				minimumVersion = 1.5.4;
			};
		};
/* End XCRemoteSwiftPackageReference section */

/* Begin XCSwiftPackageProductDependency section */
		15AADFF42EA417C5003711C3 /* ComposableArchitecture */ = {
			isa = XCSwiftPackageProductDependency;
			package = 15AADFF32EA417C5003711C3 /* XCRemoteSwiftPackageReference "swift-composable-architecture" */;
			productName = ComposableArchitecture;
		};
		15B1A0002F0B7B2E00E3D111 /* Logging */ = {
			isa = XCSwiftPackageProductDependency;
			package = 15B19FFF2F0B7B0B00E3D111 /* XCRemoteSwiftPackageReference "swift-log" */;
			productName = Logging;
		};
/* End XCSwiftPackageProductDependency section */
	};
	rootObject = 15AA8C332EA1C9360025EF81 /* Project object */;
}
